
Microsoft Visual Studio Solution File, Format Version 12.00
# Visual Studio Version 16
VisualStudioVersion = 16.0.30611.23
MinimumVisualStudioVersion = 10.0.40219.1
Project("{FAE04EC0-301F-11D3-BF4B-00C04F79EFBC}") = "WcfService_WindowsService", "WcfService_WindowsService\WcfService_WindowsService.csproj", "{8972C9C4-9298-43DD-B72D-23890F92A42D}"
EndProject
Project("{FAE04EC0-301F-11D3-BF4B-00C04F79EFBC}") = "Service", "Service\Service.csproj", "{1113A41F-6D31-43E7-85D1-A96BAD3EED12}"
EndProject
Global
	GlobalSection(SolutionConfigurationPlatforms) = preSolution
		Debug|Any CPU = Debug|Any CPU
		Release|Any CPU = Release|Any CPU
	EndGlobalSection
	GlobalSection(ProjectConfigurationPlatforms) = postSolution
		{8972C9C4-9298-43DD-B72D-23890F92A42D}.Debug|Any CPU.ActiveCfg = Debug|Any CPU
		{8972C9C4-9298-43DD-B72D-23890F92A42D}.Debug|Any CPU.Build.0 = Debug|Any CPU
		{8972C9C4-9298-43DD-B72D-23890F92A42D}.Release|Any CPU.ActiveCfg = Release|Any CPU
		{8972C9C4-9298-43DD-B72D-23890F92A42D}.Release|Any CPU.Build.0 = Release|Any CPU
		{1113A41F-6D31-43E7-85D1-A96BAD3EED12}.Debug|Any CPU.ActiveCfg = Debug|Any CPU
		{1113A41F-6D31-43E7-85D1-A96BAD3EED12}.Debug|Any CPU.Build.0 = Debug|Any CPU
		{1113A41F-6D31-43E7-85D1-A96BAD3EED12}.Release|Any CPU.ActiveCfg = Release|Any CPU
		{1113A41F-6D31-43E7-85D1-A96BAD3EED12}.Release|Any CPU.Build.0 = Release|Any CPU
	EndGlobalSection
	GlobalSection(SolutionProperties) = preSolution
		HideSolutionNode = FALSE
	EndGlobalSection
	GlobalSection(ExtensibilityGlobals) = postSolution
		SolutionGuid = {E448EC09-FB7A-476F-9B87-37CA9C39F638}
	EndGlobalSection
EndGlobal
