
Microsoft Visual Studio Solution File, Format Version 12.00
# Visual Studio Version 16
VisualStudioVersion = 16.0.30523.141
MinimumVisualStudioVersion = 10.0.40219.1
Project("{FAE04EC0-301F-11D3-BF4B-00C04F79EFBC}") = "RESTclient", "RESTclient\RESTclient.csproj", "{76A8FBE0-EBF4-48BC-B6B2-ACB657F72DC7}"
EndProject
Global
	GlobalSection(SolutionConfigurationPlatforms) = preSolution
		Debug|Any CPU = Debug|Any CPU
		Release|Any CPU = Release|Any CPU
	EndGlobalSection
	GlobalSection(ProjectConfigurationPlatforms) = postSolution
		{76A8FBE0-EBF4-48BC-B6B2-ACB657F72DC7}.Debug|Any CPU.ActiveCfg = Debug|Any CPU
		{76A8FBE0-EBF4-48BC-B6B2-ACB657F72DC7}.Debug|Any CPU.Build.0 = Debug|Any CPU
		{76A8FBE0-EBF4-48BC-B6B2-ACB657F72DC7}.Release|Any CPU.ActiveCfg = Release|Any CPU
		{76A8FBE0-EBF4-48BC-B6B2-ACB657F72DC7}.Release|Any CPU.Build.0 = Release|Any CPU
	EndGlobalSection
	GlobalSection(SolutionProperties) = preSolution
		HideSolutionNode = FALSE
	EndGlobalSection
	GlobalSection(ExtensibilityGlobals) = postSolution
		SolutionGuid = {72E1BAA7-F023-4D47-938F-E85B461DFC90}
	EndGlobalSection
EndGlobal
